
Microsoft Visual Studio Solution File, Format Version 12.00
# Visual Studio Version 17
VisualStudioVersion = 17.8.34511.84
MinimumVisualStudioVersion = 10.0.40219.1
Project("{2150E333-8FDC-42A3-9474-1A3956D46DE8}") = "Services", "Services", "{18336F6D-8CF3-410C-91F3-CEB62FCA61F3}"
EndProject
Project("{2150E333-8FDC-42A3-9474-1A3956D46DE8}") = "Catalog", "Catalog", "{77338AC5-6045-4ADB-84A8-610A5E3A8E58}"
EndProject
Project("{9A19103F-16F7-4668-BE54-9A1E7A4F7556}") = "MultiShop.Catalog", "Services\Catalog\MultiShop.Catalog\MultiShop.Catalog.csproj", "{365B31FB-8E0D-4DAE-9A70-D153F0AA04D0}"
EndProject
Project("{2150E333-8FDC-42A3-9474-1A3956D46DE8}") = "Discount", "Discount", "{691DEB68-B34C-4764-BD9F-0A42A83AA495}"
EndProject
Project("{9A19103F-16F7-4668-BE54-9A1E7A4F7556}") = "MultiShop.Discount", "Services\Discount\MultiShop.Discount\MultiShop.Discount.csproj", "{7F2EE513-7038-4C39-8161-D302417A6010}"
EndProject
Project("{2150E333-8FDC-42A3-9474-1A3956D46DE8}") = "Order", "Order", "{D1B12330-923B-4320-9EE3-181A329D1340}"
EndProject
Project("{2150E333-8FDC-42A3-9474-1A3956D46DE8}") = "Core", "Core", "{F5717490-434D-414E-98C1-3299ADA613B2}"
EndProject
Project("{2150E333-8FDC-42A3-9474-1A3956D46DE8}") = "Infrastructure", "Infrastructure", "{EB45383E-7237-4145-A1AE-6C43D0B3991F}"
EndProject
Project("{2150E333-8FDC-42A3-9474-1A3956D46DE8}") = "Presentation", "Presentation", "{DD346114-40F3-4172-93B2-77D625AEE6A0}"
EndProject
Project("{9A19103F-16F7-4668-BE54-9A1E7A4F7556}") = "MultiShop.Order.Persistence", "Services\Order\Infrastructure\MultiShop.Order.Persistence\MultiShop.Order.Persistence.csproj", "{01826887-3F22-4377-9EF2-FEE868719BAF}"
EndProject
Project("{9A19103F-16F7-4668-BE54-9A1E7A4F7556}") = "MultiShop.Order.Application", "Services\Order\Core\MultiShop.Order.Application\MultiShop.Order.Application.csproj", "{3CC49299-996D-4135-BFA8-5A0EECEC8EDA}"
EndProject
Project("{9A19103F-16F7-4668-BE54-9A1E7A4F7556}") = "MultiShop.Order.Domain", "Services\Order\Core\MultiShop.Order.Domain\MultiShop.Order.Domain.csproj", "{BD2867DE-5CC0-449A-9E4B-91772AC8C289}"
EndProject
Project("{2150E333-8FDC-42A3-9474-1A3956D46DE8}") = "IdentityServer", "IdentityServer", "{0877D30E-D4D7-4986-B7D0-39E9EAE8AB7B}"
EndProject
Project("{9A19103F-16F7-4668-BE54-9A1E7A4F7556}") = "MultiShop.IdentityServerdotnet", "IdentityServer\MultiShop.IdentityServerdotnet\MultiShop.IdentityServerdotnet.csproj", "{A0CDB710-90E7-4EC5-8C98-71352B296282}"
EndProject
Project("{2150E333-8FDC-42A3-9474-1A3956D46DE8}") = "Cargo", "Cargo", "{44CCDD40-6953-4804-8BD9-FA3EE77159D5}"
EndProject
Project("{9A19103F-16F7-4668-BE54-9A1E7A4F7556}") = "MultiShop.Cargo.BusinessLayer", "Services\Cargo\MultiShop.Cargo.BusinessLayer\MultiShop.Cargo.BusinessLayer.csproj", "{B10C7583-2847-47D5-A41A-53A30C459478}"
EndProject
Project("{9A19103F-16F7-4668-BE54-9A1E7A4F7556}") = "MultiShop.Cargo.EntityLayer", "Services\Cargo\MultiShop.Cargo.EntityLayer\MultiShop.Cargo.EntityLayer.csproj", "{FBAB6331-953F-493C-86A3-0731FCB6F375}"
EndProject
Project("{9A19103F-16F7-4668-BE54-9A1E7A4F7556}") = "MultiShop.Cargo.DataAccessLayer", "Services\Cargo\MultiShop.Cargo.DataAccessLayer\MultiShop.Cargo.DataAccessLayer.csproj", "{C7C0D49C-9974-49D1-A2C7-AC53F14D1ADE}"
EndProject
Project("{9A19103F-16F7-4668-BE54-9A1E7A4F7556}") = "MultiShop.Cargo.DtoLayer", "Services\Cargo\MultiShop.Cargo.DtoLayer\MultiShop.Cargo.DtoLayer.csproj", "{8F885BD5-ED62-40C5-9DE4-3134A4E99035}"
EndProject
Project("{9A19103F-16F7-4668-BE54-9A1E7A4F7556}") = "MultiShop.Cargo.WebApi", "Services\Cargo\MultiShop.Cargo.WebApi\MultiShop.Cargo.WebApi.csproj", "{9061CF2A-7F32-466A-9825-8AD176E78D5A}"
EndProject
Project("{2150E333-8FDC-42A3-9474-1A3956D46DE8}") = "Basket", "Basket", "{C6A6E715-B908-4216-9AC0-BC54FF356BA8}"
EndProject
Project("{FAE04EC0-301F-11D3-BF4B-00C04F79EFBC}") = "MultiShop.Basket", "Services\Basket\MultiShop.Basket\MultiShop.Basket.csproj", "{99BDA385-F6C4-48FD-94C3-14A32184555F}"
EndProject
Project("{9A19103F-16F7-4668-BE54-9A1E7A4F7556}") = "MultiShop.Order.WebApi", "Services\Order\Presentation\MultiShop.Order.WebApi\MultiShop.Order.WebApi.csproj", "{FCBAD89E-D5D2-4D98-B499-99C4A1F6C07B}"
EndProject
Project("{2150E333-8FDC-42A3-9474-1A3956D46DE8}") = "FrontEnds", "FrontEnds", "{632CBE13-8440-45E2-8CA6-5F93100687F2}"
EndProject
Project("{FAE04EC0-301F-11D3-BF4B-00C04F79EFBC}") = "MultiShop.WebUI", "FrontEnds\MultiShop.WebUI\MultiShop.WebUI.csproj", "{A987E0DB-BF9E-406A-A34D-76CB01117C93}"
EndProject
Global
	GlobalSection(SolutionConfigurationPlatforms) = preSolution
		Debug|Any CPU = Debug|Any CPU
		Release|Any CPU = Release|Any CPU
	EndGlobalSection
	GlobalSection(ProjectConfigurationPlatforms) = postSolution
		{365B31FB-8E0D-4DAE-9A70-D153F0AA04D0}.Debug|Any CPU.ActiveCfg = Debug|Any CPU
		{365B31FB-8E0D-4DAE-9A70-D153F0AA04D0}.Debug|Any CPU.Build.0 = Debug|Any CPU
		{365B31FB-8E0D-4DAE-9A70-D153F0AA04D0}.Release|Any CPU.ActiveCfg = Release|Any CPU
		{365B31FB-8E0D-4DAE-9A70-D153F0AA04D0}.Release|Any CPU.Build.0 = Release|Any CPU
		{7F2EE513-7038-4C39-8161-D302417A6010}.Debug|Any CPU.ActiveCfg = Debug|Any CPU
		{7F2EE513-7038-4C39-8161-D302417A6010}.Debug|Any CPU.Build.0 = Debug|Any CPU
		{7F2EE513-7038-4C39-8161-D302417A6010}.Release|Any CPU.ActiveCfg = Release|Any CPU
		{7F2EE513-7038-4C39-8161-D302417A6010}.Release|Any CPU.Build.0 = Release|Any CPU
		{01826887-3F22-4377-9EF2-FEE868719BAF}.Debug|Any CPU.ActiveCfg = Debug|Any CPU
		{01826887-3F22-4377-9EF2-FEE868719BAF}.Debug|Any CPU.Build.0 = Debug|Any CPU
		{01826887-3F22-4377-9EF2-FEE868719BAF}.Release|Any CPU.ActiveCfg = Release|Any CPU
		{01826887-3F22-4377-9EF2-FEE868719BAF}.Release|Any CPU.Build.0 = Release|Any CPU
		{3CC49299-996D-4135-BFA8-5A0EECEC8EDA}.Debug|Any CPU.ActiveCfg = Debug|Any CPU
		{3CC49299-996D-4135-BFA8-5A0EECEC8EDA}.Debug|Any CPU.Build.0 = Debug|Any CPU
		{3CC49299-996D-4135-BFA8-5A0EECEC8EDA}.Release|Any CPU.ActiveCfg = Release|Any CPU
		{3CC49299-996D-4135-BFA8-5A0EECEC8EDA}.Release|Any CPU.Build.0 = Release|Any CPU
		{BD2867DE-5CC0-449A-9E4B-91772AC8C289}.Debug|Any CPU.ActiveCfg = Debug|Any CPU
		{BD2867DE-5CC0-449A-9E4B-91772AC8C289}.Debug|Any CPU.Build.0 = Debug|Any CPU
		{BD2867DE-5CC0-449A-9E4B-91772AC8C289}.Release|Any CPU.ActiveCfg = Release|Any CPU
		{BD2867DE-5CC0-449A-9E4B-91772AC8C289}.Release|Any CPU.Build.0 = Release|Any CPU
		{A0CDB710-90E7-4EC5-8C98-71352B296282}.Debug|Any CPU.ActiveCfg = Debug|Any CPU
		{A0CDB710-90E7-4EC5-8C98-71352B296282}.Debug|Any CPU.Build.0 = Debug|Any CPU
		{A0CDB710-90E7-4EC5-8C98-71352B296282}.Release|Any CPU.ActiveCfg = Release|Any CPU
		{A0CDB710-90E7-4EC5-8C98-71352B296282}.Release|Any CPU.Build.0 = Release|Any CPU
		{B10C7583-2847-47D5-A41A-53A30C459478}.Debug|Any CPU.ActiveCfg = Debug|Any CPU
		{B10C7583-2847-47D5-A41A-53A30C459478}.Debug|Any CPU.Build.0 = Debug|Any CPU
		{B10C7583-2847-47D5-A41A-53A30C459478}.Release|Any CPU.ActiveCfg = Release|Any CPU
		{B10C7583-2847-47D5-A41A-53A30C459478}.Release|Any CPU.Build.0 = Release|Any CPU
		{FBAB6331-953F-493C-86A3-0731FCB6F375}.Debug|Any CPU.ActiveCfg = Debug|Any CPU
		{FBAB6331-953F-493C-86A3-0731FCB6F375}.Debug|Any CPU.Build.0 = Debug|Any CPU
		{FBAB6331-953F-493C-86A3-0731FCB6F375}.Release|Any CPU.ActiveCfg = Release|Any CPU
		{FBAB6331-953F-493C-86A3-0731FCB6F375}.Release|Any CPU.Build.0 = Release|Any CPU
		{C7C0D49C-9974-49D1-A2C7-AC53F14D1ADE}.Debug|Any CPU.ActiveCfg = Debug|Any CPU
		{C7C0D49C-9974-49D1-A2C7-AC53F14D1ADE}.Debug|Any CPU.Build.0 = Debug|Any CPU
		{C7C0D49C-9974-49D1-A2C7-AC53F14D1ADE}.Release|Any CPU.ActiveCfg = Release|Any CPU
		{C7C0D49C-9974-49D1-A2C7-AC53F14D1ADE}.Release|Any CPU.Build.0 = Release|Any CPU
		{8F885BD5-ED62-40C5-9DE4-3134A4E99035}.Debug|Any CPU.ActiveCfg = Debug|Any CPU
		{8F885BD5-ED62-40C5-9DE4-3134A4E99035}.Debug|Any CPU.Build.0 = Debug|Any CPU
		{8F885BD5-ED62-40C5-9DE4-3134A4E99035}.Release|Any CPU.ActiveCfg = Release|Any CPU
		{8F885BD5-ED62-40C5-9DE4-3134A4E99035}.Release|Any CPU.Build.0 = Release|Any CPU
		{9061CF2A-7F32-466A-9825-8AD176E78D5A}.Debug|Any CPU.ActiveCfg = Debug|Any CPU
		{9061CF2A-7F32-466A-9825-8AD176E78D5A}.Debug|Any CPU.Build.0 = Debug|Any CPU
		{9061CF2A-7F32-466A-9825-8AD176E78D5A}.Release|Any CPU.ActiveCfg = Release|Any CPU
		{9061CF2A-7F32-466A-9825-8AD176E78D5A}.Release|Any CPU.Build.0 = Release|Any CPU
		{99BDA385-F6C4-48FD-94C3-14A32184555F}.Debug|Any CPU.ActiveCfg = Debug|Any CPU
		{99BDA385-F6C4-48FD-94C3-14A32184555F}.Debug|Any CPU.Build.0 = Debug|Any CPU
		{99BDA385-F6C4-48FD-94C3-14A32184555F}.Release|Any CPU.ActiveCfg = Release|Any CPU
		{99BDA385-F6C4-48FD-94C3-14A32184555F}.Release|Any CPU.Build.0 = Release|Any CPU
		{FCBAD89E-D5D2-4D98-B499-99C4A1F6C07B}.Debug|Any CPU.ActiveCfg = Debug|Any CPU
		{FCBAD89E-D5D2-4D98-B499-99C4A1F6C07B}.Debug|Any CPU.Build.0 = Debug|Any CPU
		{FCBAD89E-D5D2-4D98-B499-99C4A1F6C07B}.Release|Any CPU.ActiveCfg = Release|Any CPU
		{FCBAD89E-D5D2-4D98-B499-99C4A1F6C07B}.Release|Any CPU.Build.0 = Release|Any CPU
		{A987E0DB-BF9E-406A-A34D-76CB01117C93}.Debug|Any CPU.ActiveCfg = Debug|Any CPU
		{A987E0DB-BF9E-406A-A34D-76CB01117C93}.Debug|Any CPU.Build.0 = Debug|Any CPU
		{A987E0DB-BF9E-406A-A34D-76CB01117C93}.Release|Any CPU.ActiveCfg = Release|Any CPU
		{A987E0DB-BF9E-406A-A34D-76CB01117C93}.Release|Any CPU.Build.0 = Release|Any CPU
	EndGlobalSection
	GlobalSection(SolutionProperties) = preSolution
		HideSolutionNode = FALSE
	EndGlobalSection
	GlobalSection(NestedProjects) = preSolution
		{77338AC5-6045-4ADB-84A8-610A5E3A8E58} = {18336F6D-8CF3-410C-91F3-CEB62FCA61F3}
		{365B31FB-8E0D-4DAE-9A70-D153F0AA04D0} = {77338AC5-6045-4ADB-84A8-610A5E3A8E58}
		{691DEB68-B34C-4764-BD9F-0A42A83AA495} = {18336F6D-8CF3-410C-91F3-CEB62FCA61F3}
		{7F2EE513-7038-4C39-8161-D302417A6010} = {691DEB68-B34C-4764-BD9F-0A42A83AA495}
		{D1B12330-923B-4320-9EE3-181A329D1340} = {18336F6D-8CF3-410C-91F3-CEB62FCA61F3}
		{F5717490-434D-414E-98C1-3299ADA613B2} = {D1B12330-923B-4320-9EE3-181A329D1340}
		{EB45383E-7237-4145-A1AE-6C43D0B3991F} = {D1B12330-923B-4320-9EE3-181A329D1340}
		{DD346114-40F3-4172-93B2-77D625AEE6A0} = {D1B12330-923B-4320-9EE3-181A329D1340}
		{01826887-3F22-4377-9EF2-FEE868719BAF} = {EB45383E-7237-4145-A1AE-6C43D0B3991F}
		{3CC49299-996D-4135-BFA8-5A0EECEC8EDA} = {F5717490-434D-414E-98C1-3299ADA613B2}
		{BD2867DE-5CC0-449A-9E4B-91772AC8C289} = {F5717490-434D-414E-98C1-3299ADA613B2}
		{A0CDB710-90E7-4EC5-8C98-71352B296282} = {0877D30E-D4D7-4986-B7D0-39E9EAE8AB7B}
		{44CCDD40-6953-4804-8BD9-FA3EE77159D5} = {18336F6D-8CF3-410C-91F3-CEB62FCA61F3}
		{B10C7583-2847-47D5-A41A-53A30C459478} = {44CCDD40-6953-4804-8BD9-FA3EE77159D5}
		{FBAB6331-953F-493C-86A3-0731FCB6F375} = {44CCDD40-6953-4804-8BD9-FA3EE77159D5}
		{C7C0D49C-9974-49D1-A2C7-AC53F14D1ADE} = {44CCDD40-6953-4804-8BD9-FA3EE77159D5}
		{8F885BD5-ED62-40C5-9DE4-3134A4E99035} = {44CCDD40-6953-4804-8BD9-FA3EE77159D5}
		{9061CF2A-7F32-466A-9825-8AD176E78D5A} = {44CCDD40-6953-4804-8BD9-FA3EE77159D5}
		{C6A6E715-B908-4216-9AC0-BC54FF356BA8} = {18336F6D-8CF3-410C-91F3-CEB62FCA61F3}
		{99BDA385-F6C4-48FD-94C3-14A32184555F} = {C6A6E715-B908-4216-9AC0-BC54FF356BA8}
		{FCBAD89E-D5D2-4D98-B499-99C4A1F6C07B} = {DD346114-40F3-4172-93B2-77D625AEE6A0}
		{A987E0DB-BF9E-406A-A34D-76CB01117C93} = {632CBE13-8440-45E2-8CA6-5F93100687F2}
	EndGlobalSection
	GlobalSection(ExtensibilityGlobals) = postSolution
		SolutionGuid = {390A1865-1E13-43AC-9E19-E8BDAAF66FAF}
	EndGlobalSection
EndGlobal
